
Microsoft Visual Studio Solution File, Format Version 11.00
# Visual Studio 2010
Project("{FAE04EC0-301F-11D3-BF4B-00C04F79EFBC}") = "Get_out", "Assembly-CSharp-firstpass.csproj", "{7E1E2C2B-3174-C957-9C23-DA99A5EB5935}"
EndProject
Project("{FAE04EC0-301F-11D3-BF4B-00C04F79EFBC}") = "Get_out", "Assembly-CSharp-Editor-firstpass.csproj", "{1145D5F4-644E-9EFD-B290-84C3BDCB0D1A}"
EndProject
Global
	GlobalSection(SolutionConfigurationPlatforms) = preSolution
		Debug|Any CPU = Debug|Any CPU
		Release|Any CPU = Release|Any CPU
	EndGlobalSection
	GlobalSection(ProjectConfigurationPlatforms) = postSolution
		{7E1E2C2B-3174-C957-9C23-DA99A5EB5935}.Debug|Any CPU.ActiveCfg = Debug|Any CPU
		{7E1E2C2B-3174-C957-9C23-DA99A5EB5935}.Debug|Any CPU.Build.0 = Debug|Any CPU
		{7E1E2C2B-3174-C957-9C23-DA99A5EB5935}.Release|Any CPU.ActiveCfg = Release|Any CPU
		{7E1E2C2B-3174-C957-9C23-DA99A5EB5935}.Release|Any CPU.Build.0 = Release|Any CPU
		{1145D5F4-644E-9EFD-B290-84C3BDCB0D1A}.Debug|Any CPU.ActiveCfg = Debug|Any CPU
		{1145D5F4-644E-9EFD-B290-84C3BDCB0D1A}.Debug|Any CPU.Build.0 = Debug|Any CPU
		{1145D5F4-644E-9EFD-B290-84C3BDCB0D1A}.Release|Any CPU.ActiveCfg = Release|Any CPU
		{1145D5F4-644E-9EFD-B290-84C3BDCB0D1A}.Release|Any CPU.Build.0 = Release|Any CPU
	EndGlobalSection
	GlobalSection(SolutionProperties) = preSolution
		HideSolutionNode = FALSE
	EndGlobalSection
	GlobalSection(MonoDevelopProperties) = preSolution
		StartupItem = Assembly-CSharp.csproj
	EndGlobalSection
EndGlobal
